# -------------------------------------------------------------------------- #
#
# Copyright (C) 1991-2010 Altera Corporation
# Your use of Altera Corporation's design tools, logic functions 
# and other software and tools, and its AMPP partner logic 
# functions, and any output files from any of the foregoing 
# (including device programming or simulation files), and any 
# associated documentation or information are expressly subject 
# to the terms and conditions of the Altera Program License 
# Subscription Agreement, Altera MegaCore Function License 
# Agreement, or other applicable license agreement, including, 
# without limitation, that your use is for the sole purpose of 
# programming logic devices manufactured by Altera and sold by 
# Altera or its authorized distributors.  Please refer to the 
# applicable agreement for further details.
#
# -------------------------------------------------------------------------- #
#
# Quartus II
# Version 9.1 Build 350 03/24/2010 Service Pack 2 SJ Web Edition
# Date created = 17:01:29  December 10, 2018
#
# -------------------------------------------------------------------------- #
#
# Notes:
#
# 1) The default values for assignments are stored in the file:
#		test_assignment_defaults.qdf
#    If this file doesn't exist, see file:
#		assignment_defaults.qdf
#
# 2) Altera recommends that you do not modify this file. This
#    file is updated automatically by the Quartus II software
#    and any changes you make may be lost or overwritten.
#
# -------------------------------------------------------------------------- #


set_global_assignment -name FAMILY "MAX II"
set_global_assignment -name DEVICE EPM570T100C5
set_global_assignment -name TOP_LEVEL_ENTITY xuat_xung
set_global_assignment -name ORIGINAL_QUARTUS_VERSION "9.1 SP2"
set_global_assignment -name PROJECT_CREATION_TIME_DATE "17:01:29  DECEMBER 10, 2018"
set_global_assignment -name LAST_QUARTUS_VERSION "9.1 SP2"
set_global_assignment -name EDA_DESIGN_ENTRY_SYNTHESIS_TOOL "<None>"
set_global_assignment -name EDA_SIMULATION_TOOL "<None>"
set_global_assignment -name EDA_TIMING_ANALYSIS_TOOL "<None>"
set_global_assignment -name MIN_CORE_JUNCTION_TEMP 0
set_global_assignment -name MAX_CORE_JUNCTION_TEMP 85
set_global_assignment -name POWER_EXT_SUPPLY_VOLTAGE_TO_REGULATOR 3.3V
set_global_assignment -name MISC_FILE "C:/Users/Welcome/Desktop/New folder/test.dpf"
set_global_assignment -name STRATIX_DEVICE_IO_STANDARD "3.3-V LVTTL"
set_location_assignment PIN_66 -to NWE
set_location_assignment PIN_73 -to Data[0]
set_location_assignment PIN_72 -to Data[1]
set_location_assignment PIN_71 -to Data[2]
set_location_assignment PIN_70 -to Data[3]
set_location_assignment PIN_92 -to Data[4]
set_location_assignment PIN_91 -to Data[5]
set_location_assignment PIN_89 -to Data[6]
set_location_assignment PIN_87 -to Data[7]
set_global_assignment -name BDF_FILE xuat_xung.bdf
set_global_assignment -name VERILOG_FILE test.v
set_global_assignment -name VECTOR_WAVEFORM_FILE test.vwf
set_global_assignment -name MISC_FILE "C:/Users/Welcome/Desktop/xuat xung/CPLD/test.dpf"
set_location_assignment PIN_75 -to PULSE_WR
set_global_assignment -name MISC_FILE "C:/Users/ADMIN/Desktop/xuat xung/CPLD/test.dpf"
set_global_assignment -name LL_ROOT_REGION ON -section_id "Root Region"
set_global_assignment -name LL_MEMBER_STATE LOCKED -section_id "Root Region"
set_global_assignment -name MISC_FILE "C:/Users/anhkh/OneDrive/Máy tính/xuat xung/CPLD/test.dpf"
set_location_assignment PIN_57 -to NADV
set_global_assignment -name VECTOR_WAVEFORM_FILE Waveform1.vwf
set_global_assignment -name MISC_FILE "C:/Users/anhkh/Documents/CPLD/test.dpf"
set_global_assignment -name BDF_FILE enc_filter.bdf
set_global_assignment -name BDF_FILE encoder_module.bdf
set_global_assignment -name BDF_FILE encoder.bdf
set_global_assignment -name MISC_FILE "D:/DH Bach Khoa/Luan van/Software_thesis_2019/HexapodThesis-CPLD/test.dpf"
set_global_assignment -name QIP_FILE lpm_bustri0.qip
set_global_assignment -name QIP_FILE ../../Hexapod_K14/CPLD_New/CPLD_New/lpm_counter4.qip
set_global_assignment -name QIP_FILE lpm_xor0.qip
set_location_assignment PIN_86 -to Data[8]
set_location_assignment PIN_84 -to Data[10]
set_location_assignment PIN_83 -to Data[11]
set_location_assignment PIN_82 -to Data[12]
set_location_assignment PIN_81 -to Data[13]
set_location_assignment PIN_78 -to Data[14]
set_location_assignment PIN_77 -to Data[15]
set_location_assignment PIN_67 -to NOE
set_location_assignment PIN_76 -to ENC_RST
set_location_assignment PIN_48 -to ENC_2B
set_location_assignment PIN_47 -to ENC_2A
set_location_assignment PIN_42 -to ENC_1B
set_location_assignment PIN_41 -to ENC_1A
set_global_assignment -name VECTOR_WAVEFORM_FILE test_enc.vwf
set_global_assignment -name QIP_FILE lpm_counter0.qip
set_global_assignment -name QIP_FILE lpm_counter1.qip
set_global_assignment -name QIP_FILE lpm_counter2.qip
set_location_assignment PIN_12 -to CLK
set_location_assignment PIN_85 -to Data[9]
set_location_assignment PIN_58 -to NE1
set_location_assignment PIN_74 -to P_BUSY
set_global_assignment -name MISC_FILE "C:/Users/ADMIN/Downloads/HexapodThesis-CPLD/test.dpf"
set_location_assignment PIN_15 -to DIR1
set_location_assignment PIN_7 -to DIR2
set_location_assignment PIN_5 -to DIR3
set_location_assignment PIN_69 -to LS11
set_location_assignment PIN_68 -to LS22
set_location_assignment PIN_61 -to LS31
set_location_assignment PIN_33 -to LSW11
set_location_assignment PIN_34 -to LSW12
set_location_assignment PIN_35 -to LSW21
set_location_assignment PIN_36 -to LSW22
set_location_assignment PIN_38 -to LSW31
set_location_assignment PIN_40 -to LSW32
set_location_assignment PIN_8 -to PULSE1
set_location_assignment PIN_6 -to PULSE2
set_location_assignment PIN_4 -to PULSE3
set_global_assignment -name MISC_FILE "D:/Thesis/Hardware-CPLD MAXII - v1/test.dpf"
set_location_assignment PIN_49 -to ENC_3A
set_location_assignment PIN_50 -to ENC_3B
set_location_assignment PIN_51 -to ENC_4A
set_location_assignment PIN_52 -to ENC_4B
set_location_assignment PIN_53 -to ENC_5A
set_location_assignment PIN_54 -to ENC_5B
set_global_assignment -name MISC_FILE "D:/Thesis/Hardware-CPLD MAXII/test.dpf"
set_global_assignment -name DEVICE_FILTER_PACKAGE TQFP
set_global_assignment -name USE_CONFIGURATION_DEVICE ON
set_global_assignment -name MISC_FILE "D:/BKU/Thesis/Hardware-CPLD MAXII/test.dpf"